
Microsoft Visual Studio Solution File, Format Version 12.00
# Visual Studio Version 17
VisualStudioVersion = 17.14.36705.20
MinimumVisualStudioVersion = 10.0.40219.1
Project("{FAE04EC0-301F-11D3-BF4B-00C04F79EFBC}") = "FreshSourceAPI", "FreshSourceAPI\FreshSourceAPI.csproj", "{716E3989-271C-4DE7-876D-F44F10F89AFB}"
EndProject
Global
	GlobalSection(SolutionConfigurationPlatforms) = preSolution
		Debug|Any CPU = Debug|Any CPU
		Debug|x64 = Debug|x64
		Debug|x86 = Debug|x86
		Release|Any CPU = Release|Any CPU
		Release|x64 = Release|x64
		Release|x86 = Release|x86
	EndGlobalSection
	GlobalSection(ProjectConfigurationPlatforms) = postSolution
		{716E3989-271C-4DE7-876D-F44F10F89AFB}.Debug|Any CPU.ActiveCfg = Debug|Any CPU
		{716E3989-271C-4DE7-876D-F44F10F89AFB}.Debug|Any CPU.Build.0 = Debug|Any CPU
		{716E3989-271C-4DE7-876D-F44F10F89AFB}.Debug|x64.ActiveCfg = Debug|Any CPU
		{716E3989-271C-4DE7-876D-F44F10F89AFB}.Debug|x64.Build.0 = Debug|Any CPU
		{716E3989-271C-4DE7-876D-F44F10F89AFB}.Debug|x86.ActiveCfg = Debug|Any CPU
		{716E3989-271C-4DE7-876D-F44F10F89AFB}.Debug|x86.Build.0 = Debug|Any CPU
		{716E3989-271C-4DE7-876D-F44F10F89AFB}.Release|Any CPU.ActiveCfg = Release|Any CPU
		{716E3989-271C-4DE7-876D-F44F10F89AFB}.Release|Any CPU.Build.0 = Release|Any CPU
		{716E3989-271C-4DE7-876D-F44F10F89AFB}.Release|x64.ActiveCfg = Release|Any CPU
		{716E3989-271C-4DE7-876D-F44F10F89AFB}.Release|x64.Build.0 = Release|Any CPU
		{716E3989-271C-4DE7-876D-F44F10F89AFB}.Release|x86.ActiveCfg = Release|Any CPU
		{716E3989-271C-4DE7-876D-F44F10F89AFB}.Release|x86.Build.0 = Release|Any CPU
	EndGlobalSection
	GlobalSection(SolutionProperties) = preSolution
		HideSolutionNode = FALSE
	EndGlobalSection
	GlobalSection(ExtensibilityGlobals) = postSolution
		SolutionGuid = {F500A1CF-83BC-434E-96F0-16B023D46A92}
	EndGlobalSection
EndGlobal
